// !$*UTF8*$!
{
	archiveVersion = 1;
	classes = {
	};
	objectVersion = 55;
	objects = {

/* Begin PBXBuildFile section */
		144BAF89288BF54600D6FEDB /* BaseColorTableViewCell.swift in Sources */ = {isa = PBXBuildFile; fileRef = 144BAF87288BF54600D6FEDB /* BaseColorTableViewCell.swift */; };
		144BAF8A288BF54600D6FEDB /* BaseColorTableViewCell.xib in Resources */ = {isa = PBXBuildFile; fileRef = 144BAF88288BF54600D6FEDB /* BaseColorTableViewCell.xib */; };
		144BAF8F288EDF9500D6FEDB /* ColorCombinationTableViewCell.swift in Sources */ = {isa = PBXBuildFile; fileRef = 144BAF8D288EDF9500D6FEDB /* ColorCombinationTableViewCell.swift */; };
		144BAF90288EDF9500D6FEDB /* ColorCombinationTableViewCell.xib in Resources */ = {isa = PBXBuildFile; fileRef = 144BAF8E288EDF9500D6FEDB /* ColorCombinationTableViewCell.xib */; };
		144BAF94288EE0E000D6FEDB /* ColorSeeder.swift in Sources */ = {isa = PBXBuildFile; fileRef = 144BAF92288EE0E000D6FEDB /* ColorSeeder.swift */; };
		144BAF95288EE0E000D6FEDB /* Color.swift in Sources */ = {isa = PBXBuildFile; fileRef = 144BAF93288EE0E000D6FEDB /* Color.swift */; };
		14ACE3B3288AD8BA000CBBA5 /* AppDelegate.swift in Sources */ = {isa = PBXBuildFile; fileRef = 14ACE3B2288AD8BA000CBBA5 /* AppDelegate.swift */; };
		14ACE3B5288AD8BA000CBBA5 /* SceneDelegate.swift in Sources */ = {isa = PBXBuildFile; fileRef = 14ACE3B4288AD8BA000CBBA5 /* SceneDelegate.swift */; };
		14ACE3B7288AD8BA000CBBA5 /* HomeViewController.swift in Sources */ = {isa = PBXBuildFile; fileRef = 14ACE3B6288AD8BA000CBBA5 /* HomeViewController.swift */; };
		14ACE3BA288AD8BA000CBBA5 /* Main.storyboard in Resources */ = {isa = PBXBuildFile; fileRef = 14ACE3B8288AD8BA000CBBA5 /* Main.storyboard */; };
		14ACE3BD288AD8BA000CBBA5 /* Swatches.xcdatamodeld in Sources */ = {isa = PBXBuildFile; fileRef = 14ACE3BB288AD8BA000CBBA5 /* Swatches.xcdatamodeld */; };
		14ACE3BF288AD8BB000CBBA5 /* Assets.xcassets in Resources */ = {isa = PBXBuildFile; fileRef = 14ACE3BE288AD8BB000CBBA5 /* Assets.xcassets */; };
		14ACE3C2288AD8BB000CBBA5 /* LaunchScreen.storyboard in Resources */ = {isa = PBXBuildFile; fileRef = 14ACE3C0288AD8BB000CBBA5 /* LaunchScreen.storyboard */; };
		14ACE3CB288ADBEA000CBBA5 /* SwatchCategoryCollectionViewCell.swift in Sources */ = {isa = PBXBuildFile; fileRef = 14ACE3C9288ADBEA000CBBA5 /* SwatchCategoryCollectionViewCell.swift */; };
		14ACE3CC288ADBEA000CBBA5 /* SwatchCategoryCollectionViewCell.xib in Resources */ = {isa = PBXBuildFile; fileRef = 14ACE3CA288ADBEA000CBBA5 /* SwatchCategoryCollectionViewCell.xib */; };
/* End PBXBuildFile section */

/* Begin PBXFileReference section */
		144BAF87288BF54600D6FEDB /* BaseColorTableViewCell.swift */ = {isa = PBXFileReference; lastKnownFileType = sourcecode.swift; path = BaseColorTableViewCell.swift; sourceTree = "<group>"; };
		144BAF88288BF54600D6FEDB /* BaseColorTableViewCell.xib */ = {isa = PBXFileReference; lastKnownFileType = file.xib; path = BaseColorTableViewCell.xib; sourceTree = "<group>"; };
		144BAF8D288EDF9500D6FEDB /* ColorCombinationTableViewCell.swift */ = {isa = PBXFileReference; lastKnownFileType = sourcecode.swift; path = ColorCombinationTableViewCell.swift; sourceTree = "<group>"; };
		144BAF8E288EDF9500D6FEDB /* ColorCombinationTableViewCell.xib */ = {isa = PBXFileReference; lastKnownFileType = file.xib; path = ColorCombinationTableViewCell.xib; sourceTree = "<group>"; };
		144BAF92288EE0E000D6FEDB /* ColorSeeder.swift */ = {isa = PBXFileReference; fileEncoding = 4; lastKnownFileType = sourcecode.swift; path = ColorSeeder.swift; sourceTree = "<group>"; };
		144BAF93288EE0E000D6FEDB /* Color.swift */ = {isa = PBXFileReference; fileEncoding = 4; lastKnownFileType = sourcecode.swift; path = Color.swift; sourceTree = "<group>"; };
		14ACE3AF288AD8BA000CBBA5 /* Swatches.app */ = {isa = PBXFileReference; explicitFileType = wrapper.application; includeInIndex = 0; path = Swatches.app; sourceTree = BUILT_PRODUCTS_DIR; };
		14ACE3B2288AD8BA000CBBA5 /* AppDelegate.swift */ = {isa = PBXFileReference; lastKnownFileType = sourcecode.swift; path = AppDelegate.swift; sourceTree = "<group>"; };
		14ACE3B4288AD8BA000CBBA5 /* SceneDelegate.swift */ = {isa = PBXFileReference; lastKnownFileType = sourcecode.swift; path = SceneDelegate.swift; sourceTree = "<group>"; };
		14ACE3B6288AD8BA000CBBA5 /* HomeViewController.swift */ = {isa = PBXFileReference; lastKnownFileType = sourcecode.swift; path = HomeViewController.swift; sourceTree = "<group>"; };
		14ACE3B9288AD8BA000CBBA5 /* Base */ = {isa = PBXFileReference; lastKnownFileType = file.storyboard; name = Base; path = Base.lproj/Main.storyboard; sourceTree = "<group>"; };
		14ACE3BC288AD8BA000CBBA5 /* Swatches.xcdatamodel */ = {isa = PBXFileReference; lastKnownFileType = wrapper.xcdatamodel; path = Swatches.xcdatamodel; sourceTree = "<group>"; };
		14ACE3BE288AD8BB000CBBA5 /* Assets.xcassets */ = {isa = PBXFileReference; lastKnownFileType = folder.assetcatalog; path = Assets.xcassets; sourceTree = "<group>"; };
		14ACE3C1288AD8BB000CBBA5 /* Base */ = {isa = PBXFileReference; lastKnownFileType = file.storyboard; name = Base; path = Base.lproj/LaunchScreen.storyboard; sourceTree = "<group>"; };
		14ACE3C3288AD8BB000CBBA5 /* Info.plist */ = {isa = PBXFileReference; lastKnownFileType = text.plist.xml; path = Info.plist; sourceTree = "<group>"; };
		14ACE3C9288ADBEA000CBBA5 /* SwatchCategoryCollectionViewCell.swift */ = {isa = PBXFileReference; lastKnownFileType = sourcecode.swift; path = SwatchCategoryCollectionViewCell.swift; sourceTree = "<group>"; };
		14ACE3CA288ADBEA000CBBA5 /* SwatchCategoryCollectionViewCell.xib */ = {isa = PBXFileReference; lastKnownFileType = file.xib; path = SwatchCategoryCollectionViewCell.xib; sourceTree = "<group>"; };
/* End PBXFileReference section */

/* Begin PBXFrameworksBuildPhase section */
		14ACE3AC288AD8BA000CBBA5 /* Frameworks */ = {
			isa = PBXFrameworksBuildPhase;
			buildActionMask = 2147483647;
			files = (
			);
			runOnlyForDeploymentPostprocessing = 0;
		};
/* End PBXFrameworksBuildPhase section */

/* Begin PBXGroup section */
		144BAF91288EE0C900D6FEDB /* Model */ = {
			isa = PBXGroup;
			children = (
				144BAF93288EE0E000D6FEDB /* Color.swift */,
				144BAF92288EE0E000D6FEDB /* ColorSeeder.swift */,
			);
			path = Model;
			sourceTree = "<group>";
		};
		14924C34288FD72200D6C22B /* Reusable Components */ = {
			isa = PBXGroup;
			children = (
				14924C37288FD75B00D6C22B /* Base Color Cell */,
				14924C36288FD74100D6C22B /* Color Combination Cell */,
				14924C35288FD73400D6C22B /* Swatch Category Cell */,
			);
			path = "Reusable Components";
			sourceTree = "<group>";
		};
		14924C35288FD73400D6C22B /* Swatch Category Cell */ = {
			isa = PBXGroup;
			children = (
				14ACE3C9288ADBEA000CBBA5 /* SwatchCategoryCollectionViewCell.swift */,
				14ACE3CA288ADBEA000CBBA5 /* SwatchCategoryCollectionViewCell.xib */,
			);
			path = "Swatch Category Cell";
			sourceTree = "<group>";
		};
		14924C36288FD74100D6C22B /* Color Combination Cell */ = {
			isa = PBXGroup;
			children = (
				144BAF8D288EDF9500D6FEDB /* ColorCombinationTableViewCell.swift */,
				144BAF8E288EDF9500D6FEDB /* ColorCombinationTableViewCell.xib */,
			);
			path = "Color Combination Cell";
			sourceTree = "<group>";
		};
		14924C37288FD75B00D6C22B /* Base Color Cell */ = {
			isa = PBXGroup;
			children = (
				144BAF87288BF54600D6FEDB /* BaseColorTableViewCell.swift */,
				144BAF88288BF54600D6FEDB /* BaseColorTableViewCell.xib */,
			);
			path = "Base Color Cell";
			sourceTree = "<group>";
		};
		14ACE3A6288AD8BA000CBBA5 = {
			isa = PBXGroup;
			children = (
				14ACE3B1288AD8BA000CBBA5 /* Swatches */,
				14ACE3B0288AD8BA000CBBA5 /* Products */,
			);
			sourceTree = "<group>";
		};
		14ACE3B0288AD8BA000CBBA5 /* Products */ = {
			isa = PBXGroup;
			children = (
				14ACE3AF288AD8BA000CBBA5 /* Swatches.app */,
			);
			name = Products;
			sourceTree = "<group>";
		};
		14ACE3B1288AD8BA000CBBA5 /* Swatches */ = {
			isa = PBXGroup;
			children = (
				14924C34288FD72200D6C22B /* Reusable Components */,
				144BAF91288EE0C900D6FEDB /* Model */,
				14ACE3B2288AD8BA000CBBA5 /* AppDelegate.swift */,
				14ACE3B4288AD8BA000CBBA5 /* SceneDelegate.swift */,
				14ACE3B6288AD8BA000CBBA5 /* HomeViewController.swift */,
				14ACE3B8288AD8BA000CBBA5 /* Main.storyboard */,
				14ACE3BE288AD8BB000CBBA5 /* Assets.xcassets */,
				14ACE3C0288AD8BB000CBBA5 /* LaunchScreen.storyboard */,
				14ACE3C3288AD8BB000CBBA5 /* Info.plist */,
				14ACE3BB288AD8BA000CBBA5 /* Swatches.xcdatamodeld */,
			);
			path = Swatches;
			sourceTree = "<group>";
		};
/* End PBXGroup section */

/* Begin PBXNativeTarget section */
		14ACE3AE288AD8BA000CBBA5 /* Swatches */ = {
			isa = PBXNativeTarget;
			buildConfigurationList = 14ACE3C6288AD8BB000CBBA5 /* Build configuration list for PBXNativeTarget "Swatches" */;
			buildPhases = (
				14ACE3AB288AD8BA000CBBA5 /* Sources */,
				14ACE3AC288AD8BA000CBBA5 /* Frameworks */,
				14ACE3AD288AD8BA000CBBA5 /* Resources */,
			);
			buildRules = (
			);
			dependencies = (
			);
			name = Swatches;
			productName = Swatches;
			productReference = 14ACE3AF288AD8BA000CBBA5 /* Swatches.app */;
			productType = "com.apple.product-type.application";
		};
/* End PBXNativeTarget section */

/* Begin PBXProject section */
		14ACE3A7288AD8BA000CBBA5 /* Project object */ = {
			isa = PBXProject;
			attributes = {
				BuildIndependentTargetsInParallel = 1;
				LastSwiftUpdateCheck = 1340;
				LastUpgradeCheck = 1340;
				TargetAttributes = {
					14ACE3AE288AD8BA000CBBA5 = {
						CreatedOnToolsVersion = 13.4.1;
					};
				};
			};
			buildConfigurationList = 14ACE3AA288AD8BA000CBBA5 /* Build configuration list for PBXProject "Swatches" */;
			compatibilityVersion = "Xcode 13.0";
			developmentRegion = en;
			hasScannedForEncodings = 0;
			knownRegions = (
				en,
				Base,
			);
			mainGroup = 14ACE3A6288AD8BA000CBBA5;
			productRefGroup = 14ACE3B0288AD8BA000CBBA5 /* Products */;
			projectDirPath = "";
			projectRoot = "";
			targets = (
				14ACE3AE288AD8BA000CBBA5 /* Swatches */,
			);
		};
/* End PBXProject section */

/* Begin PBXResourcesBuildPhase section */
		14ACE3AD288AD8BA000CBBA5 /* Resources */ = {
			isa = PBXResourcesBuildPhase;
			buildActionMask = 2147483647;
			files = (
				14ACE3CC288ADBEA000CBBA5 /* SwatchCategoryCollectionViewCell.xib in Resources */,
				144BAF90288EDF9500D6FEDB /* ColorCombinationTableViewCell.xib in Resources */,
				14ACE3C2288AD8BB000CBBA5 /* LaunchScreen.storyboard in Resources */,
				14ACE3BF288AD8BB000CBBA5 /* Assets.xcassets in Resources */,
				14ACE3BA288AD8BA000CBBA5 /* Main.storyboard in Resources */,
				144BAF8A288BF54600D6FEDB /* BaseColorTableViewCell.xib in Resources */,
			);
			runOnlyForDeploymentPostprocessing = 0;
		};
/* End PBXResourcesBuildPhase section */

/* Begin PBXSourcesBuildPhase section */
		14ACE3AB288AD8BA000CBBA5 /* Sources */ = {
			isa = PBXSourcesBuildPhase;
			buildActionMask = 2147483647;
			files = (
				144BAF89288BF54600D6FEDB /* BaseColorTableViewCell.swift in Sources */,
				14ACE3B7288AD8BA000CBBA5 /* HomeViewController.swift in Sources */,
				14ACE3B3288AD8BA000CBBA5 /* AppDelegate.swift in Sources */,
				144BAF94288EE0E000D6FEDB /* ColorSeeder.swift in Sources */,
				144BAF8F288EDF9500D6FEDB /* ColorCombinationTableViewCell.swift in Sources */,
				14ACE3CB288ADBEA000CBBA5 /* SwatchCategoryCollectionViewCell.swift in Sources */,
				14ACE3B5288AD8BA000CBBA5 /* SceneDelegate.swift in Sources */,
				14ACE3BD288AD8BA000CBBA5 /* Swatches.xcdatamodeld in Sources */,
				144BAF95288EE0E000D6FEDB /* Color.swift in Sources */,
			);
			runOnlyForDeploymentPostprocessing = 0;
		};
/* End PBXSourcesBuildPhase section */

/* Begin PBXVariantGroup section */
		14ACE3B8288AD8BA000CBBA5 /* Main.storyboard */ = {
			isa = PBXVariantGroup;
			children = (
				14ACE3B9288AD8BA000CBBA5 /* Base */,
			);
			name = Main.storyboard;
			sourceTree = "<group>";
		};
		14ACE3C0288AD8BB000CBBA5 /* LaunchScreen.storyboard */ = {
			isa = PBXVariantGroup;
			children = (
				14ACE3C1288AD8BB000CBBA5 /* Base */,
			);
			name = LaunchScreen.storyboard;
			sourceTree = "<group>";
		};
/* End PBXVariantGroup section */

/* Begin XCBuildConfiguration section */
		14ACE3C4288AD8BB000CBBA5 /* Debug */ = {
			isa = XCBuildConfiguration;
			buildSettings = {
				ALWAYS_SEARCH_USER_PATHS = NO;
				CLANG_ANALYZER_NONNULL = YES;
				CLANG_ANALYZER_NUMBER_OBJECT_CONVERSION = YES_AGGRESSIVE;
				CLANG_CXX_LANGUAGE_STANDARD = "gnu++17";
				CLANG_ENABLE_MODULES = YES;
				CLANG_ENABLE_OBJC_ARC = YES;
				CLANG_ENABLE_OBJC_WEAK = YES;
				CLANG_WARN_BLOCK_CAPTURE_AUTORELEASING = YES;
				CLANG_WARN_BOOL_CONVERSION = YES;
				CLANG_WARN_COMMA = YES;
				CLANG_WARN_CONSTANT_CONVERSION = YES;
				CLANG_WARN_DEPRECATED_OBJC_IMPLEMENTATIONS = YES;
				CLANG_WARN_DIRECT_OBJC_ISA_USAGE = YES_ERROR;
				CLANG_WARN_DOCUMENTATION_COMMENTS = YES;
				CLANG_WARN_EMPTY_BODY = YES;
				CLANG_WARN_ENUM_CONVERSION = YES;
				CLANG_WARN_INFINITE_RECURSION = YES;
				CLANG_WARN_INT_CONVERSION = YES;
				CLANG_WARN_NON_LITERAL_NULL_CONVERSION = YES;
				CLANG_WARN_OBJC_IMPLICIT_RETAIN_SELF = YES;
				CLANG_WARN_OBJC_LITERAL_CONVERSION = YES;
				CLANG_WARN_OBJC_ROOT_CLASS = YES_ERROR;
				CLANG_WARN_QUOTED_INCLUDE_IN_FRAMEWORK_HEADER = YES;
				CLANG_WARN_RANGE_LOOP_ANALYSIS = YES;
				CLANG_WARN_STRICT_PROTOTYPES = YES;
				CLANG_WARN_SUSPICIOUS_MOVE = YES;
				CLANG_WARN_UNGUARDED_AVAILABILITY = YES_AGGRESSIVE;
				CLANG_WARN_UNREACHABLE_CODE = YES;
				CLANG_WARN__DUPLICATE_METHOD_MATCH = YES;
				COPY_PHASE_STRIP = NO;
				DEBUG_INFORMATION_FORMAT = dwarf;
				ENABLE_STRICT_OBJC_MSGSEND = YES;
				ENABLE_TESTABILITY = YES;
				GCC_C_LANGUAGE_STANDARD = gnu11;
				GCC_DYNAMIC_NO_PIC = NO;
				GCC_NO_COMMON_BLOCKS = YES;
				GCC_OPTIMIZATION_LEVEL = 0;
				GCC_PREPROCESSOR_DEFINITIONS = (
					"DEBUG=1",
					"$(inherited)",
				);
				GCC_WARN_64_TO_32_BIT_CONVERSION = YES;
				GCC_WARN_ABOUT_RETURN_TYPE = YES_ERROR;
				GCC_WARN_UNDECLARED_SELECTOR = YES;
				GCC_WARN_UNINITIALIZED_AUTOS = YES_AGGRESSIVE;
				GCC_WARN_UNUSED_FUNCTION = YES;
				GCC_WARN_UNUSED_VARIABLE = YES;
				IPHONEOS_DEPLOYMENT_TARGET = 15.5;
				MTL_ENABLE_DEBUG_INFO = INCLUDE_SOURCE;
				MTL_FAST_MATH = YES;
				ONLY_ACTIVE_ARCH = YES;
				SDKROOT = iphoneos;
				SWIFT_ACTIVE_COMPILATION_CONDITIONS = DEBUG;
				SWIFT_OPTIMIZATION_LEVEL = "-Onone";
			};
			name = Debug;
		};
		14ACE3C5288AD8BB000CBBA5 /* Release */ = {
			isa = XCBuildConfiguration;
			buildSettings = {
				ALWAYS_SEARCH_USER_PATHS = NO;
				CLANG_ANALYZER_NONNULL = YES;
				CLANG_ANALYZER_NUMBER_OBJECT_CONVERSION = YES_AGGRESSIVE;
				CLANG_CXX_LANGUAGE_STANDARD = "gnu++17";
				CLANG_ENABLE_MODULES = YES;
				CLANG_ENABLE_OBJC_ARC = YES;
				CLANG_ENABLE_OBJC_WEAK = YES;
				CLANG_WARN_BLOCK_CAPTURE_AUTORELEASING = YES;
				CLANG_WARN_BOOL_CONVERSION = YES;
				CLANG_WARN_COMMA = YES;
				CLANG_WARN_CONSTANT_CONVERSION = YES;
				CLANG_WARN_DEPRECATED_OBJC_IMPLEMENTATIONS = YES;
				CLANG_WARN_DIRECT_OBJC_ISA_USAGE = YES_ERROR;
				CLANG_WARN_DOCUMENTATION_COMMENTS = YES;
				CLANG_WARN_EMPTY_BODY = YES;
				CLANG_WARN_ENUM_CONVERSION = YES;
				CLANG_WARN_INFINITE_RECURSION = YES;
				CLANG_WARN_INT_CONVERSION = YES;
				CLANG_WARN_NON_LITERAL_NULL_CONVERSION = YES;
				CLANG_WARN_OBJC_IMPLICIT_RETAIN_SELF = YES;
				CLANG_WARN_OBJC_LITERAL_CONVERSION = YES;
				CLANG_WARN_OBJC_ROOT_CLASS = YES_ERROR;
				CLANG_WARN_QUOTED_INCLUDE_IN_FRAMEWORK_HEADER = YES;
				CLANG_WARN_RANGE_LOOP_ANALYSIS = YES;
				CLANG_WARN_STRICT_PROTOTYPES = YES;
				CLANG_WARN_SUSPICIOUS_MOVE = YES;
				CLANG_WARN_UNGUARDED_AVAILABILITY = YES_AGGRESSIVE;
				CLANG_WARN_UNREACHABLE_CODE = YES;
				CLANG_WARN__DUPLICATE_METHOD_MATCH = YES;
				COPY_PHASE_STRIP = NO;
				DEBUG_INFORMATION_FORMAT = "dwarf-with-dsym";
				ENABLE_NS_ASSERTIONS = NO;
				ENABLE_STRICT_OBJC_MSGSEND = YES;
				GCC_C_LANGUAGE_STANDARD = gnu11;
				GCC_NO_COMMON_BLOCKS = YES;
				GCC_WARN_64_TO_32_BIT_CONVERSION = YES;
				GCC_WARN_ABOUT_RETURN_TYPE = YES_ERROR;
				GCC_WARN_UNDECLARED_SELECTOR = YES;
				GCC_WARN_UNINITIALIZED_AUTOS = YES_AGGRESSIVE;
				GCC_WARN_UNUSED_FUNCTION = YES;
				GCC_WARN_UNUSED_VARIABLE = YES;
				IPHONEOS_DEPLOYMENT_TARGET = 15.5;
				MTL_ENABLE_DEBUG_INFO = NO;
				MTL_FAST_MATH = YES;
				SDKROOT = iphoneos;
				SWIFT_COMPILATION_MODE = wholemodule;
				SWIFT_OPTIMIZATION_LEVEL = "-O";
				VALIDATE_PRODUCT = YES;
			};
			name = Release;
		};
		14ACE3C7288AD8BB000CBBA5 /* Debug */ = {
			isa = XCBuildConfiguration;
			buildSettings = {
				ASSETCATALOG_COMPILER_APPICON_NAME = AppIcon;
				ASSETCATALOG_COMPILER_GLOBAL_ACCENT_COLOR_NAME = AccentColor;
				CODE_SIGN_STYLE = Automatic;
				CURRENT_PROJECT_VERSION = 1;
				DEVELOPMENT_TEAM = 5CDJ7K2756;
				GENERATE_INFOPLIST_FILE = YES;
				INFOPLIST_FILE = Swatches/Info.plist;
				INFOPLIST_KEY_CFBundleDisplayName = Colornary;
				INFOPLIST_KEY_UIApplicationSupportsIndirectInputEvents = YES;
				INFOPLIST_KEY_UILaunchStoryboardName = LaunchScreen;
				INFOPLIST_KEY_UIMainStoryboardFile = Main;
				INFOPLIST_KEY_UISupportedInterfaceOrientations_iPad = "UIInterfaceOrientationPortrait UIInterfaceOrientationPortraitUpsideDown UIInterfaceOrientationLandscapeLeft UIInterfaceOrientationLandscapeRight";
				INFOPLIST_KEY_UISupportedInterfaceOrientations_iPhone = "UIInterfaceOrientationPortrait UIInterfaceOrientationLandscapeLeft UIInterfaceOrientationLandscapeRight";
				LD_RUNPATH_SEARCH_PATHS = (
					"$(inherited)",
					"@executable_path/Frameworks",
				);
				MARKETING_VERSION = 1.0;
				PRODUCT_BUNDLE_IDENTIFIER = portfolioaudrey.com.Swatches;
				PRODUCT_NAME = "$(TARGET_NAME)";
				SWIFT_EMIT_LOC_STRINGS = YES;
				SWIFT_VERSION = 5.0;
				TARGETED_DEVICE_FAMILY = "1,2";
			};
			name = Debug;
		};
		14ACE3C8288AD8BB000CBBA5 /* Release */ = {
			isa = XCBuildConfiguration;
			buildSettings = {
				ASSETCATALOG_COMPILER_APPICON_NAME = AppIcon;
				ASSETCATALOG_COMPILER_GLOBAL_ACCENT_COLOR_NAME = AccentColor;
				CODE_SIGN_STYLE = Automatic;
				CURRENT_PROJECT_VERSION = 1;
				DEVELOPMENT_TEAM = 5CDJ7K2756;
				GENERATE_INFOPLIST_FILE = YES;
				INFOPLIST_FILE = Swatches/Info.plist;
				INFOPLIST_KEY_CFBundleDisplayName = Colornary;
				INFOPLIST_KEY_UIApplicationSupportsIndirectInputEvents = YES;
				INFOPLIST_KEY_UILaunchStoryboardName = LaunchScreen;
				INFOPLIST_KEY_UIMainStoryboardFile = Main;
				INFOPLIST_KEY_UISupportedInterfaceOrientations_iPad = "UIInterfaceOrientationPortrait UIInterfaceOrientationPortraitUpsideDown UIInterfaceOrientationLandscapeLeft UIInterfaceOrientationLandscapeRight";
				INFOPLIST_KEY_UISupportedInterfaceOrientations_iPhone = "UIInterfaceOrientationPortrait UIInterfaceOrientationLandscapeLeft UIInterfaceOrientationLandscapeRight";
				LD_RUNPATH_SEARCH_PATHS = (
					"$(inherited)",
					"@executable_path/Frameworks",
				);
				MARKETING_VERSION = 1.0;
				PRODUCT_BUNDLE_IDENTIFIER = portfolioaudrey.com.Swatches;
				PRODUCT_NAME = "$(TARGET_NAME)";
				SWIFT_EMIT_LOC_STRINGS = YES;
				SWIFT_VERSION = 5.0;
				TARGETED_DEVICE_FAMILY = "1,2";
			};
			name = Release;
		};
/* End XCBuildConfiguration section */

/* Begin XCConfigurationList section */
		14ACE3AA288AD8BA000CBBA5 /* Build configuration list for PBXProject "Swatches" */ = {
			isa = XCConfigurationList;
			buildConfigurations = (
				14ACE3C4288AD8BB000CBBA5 /* Debug */,
				14ACE3C5288AD8BB000CBBA5 /* Release */,
			);
			defaultConfigurationIsVisible = 0;
			defaultConfigurationName = Release;
		};
		14ACE3C6288AD8BB000CBBA5 /* Build configuration list for PBXNativeTarget "Swatches" */ = {
			isa = XCConfigurationList;
			buildConfigurations = (
				14ACE3C7288AD8BB000CBBA5 /* Debug */,
				14ACE3C8288AD8BB000CBBA5 /* Release */,
			);
			defaultConfigurationIsVisible = 0;
			defaultConfigurationName = Release;
		};
/* End XCConfigurationList section */

/* Begin XCVersionGroup section */
		14ACE3BB288AD8BA000CBBA5 /* Swatches.xcdatamodeld */ = {
			isa = XCVersionGroup;
			children = (
				14ACE3BC288AD8BA000CBBA5 /* Swatches.xcdatamodel */,
			);
			currentVersion = 14ACE3BC288AD8BA000CBBA5 /* Swatches.xcdatamodel */;
			path = Swatches.xcdatamodeld;
			sourceTree = "<group>";
			versionGroupType = wrapper.xcdatamodel;
		};
/* End XCVersionGroup section */
	};
	rootObject = 14ACE3A7288AD8BA000CBBA5 /* Project object */;
}
